
Microsoft Visual Studio Solution File, Format Version 12.00
# Visual Studio 2013
VisualStudioVersion = 12.0.21005.1
MinimumVisualStudioVersion = 10.0.40219.1
Project("{FAE04EC0-301F-11D3-BF4B-00C04F79EFBC}") = "GettingStarted", "GettingStarted\GettingStarted.csproj", "{7DA20A76-5224-4436-828A-0E1303ABB1E8}"
EndProject
Project("{FAE04EC0-301F-11D3-BF4B-00C04F79EFBC}") = "DangerousUI", "DangerousUI\DangerousUI.csproj", "{0272C924-AD20-4E63-9B62-C71204B2A66C}"
EndProject
Project("{FAE04EC0-301F-11D3-BF4B-00C04F79EFBC}") = "ChromaKey", "ChromaKey\ChromaKey.csproj", "{BE8B3AA2-7AE1-4DA4-8F33-15F05D582892}"
EndProject
Project("{FAE04EC0-301F-11D3-BF4B-00C04F79EFBC}") = "CustomFilter", "CustomFilter\CustomFilter.csproj", "{6F654E24-81AB-4994-9E66-C7355C5B57BD}"
EndProject
Global
	GlobalSection(SolutionConfigurationPlatforms) = preSolution
		Debug|Any CPU = Debug|Any CPU
		Debug|ARM = Debug|ARM
		Debug|x86 = Debug|x86
		Release|Any CPU = Release|Any CPU
		Release|ARM = Release|ARM
		Release|x86 = Release|x86
	EndGlobalSection
	GlobalSection(ProjectConfigurationPlatforms) = postSolution
		{7DA20A76-5224-4436-828A-0E1303ABB1E8}.Debug|Any CPU.ActiveCfg = Debug|x86
		{7DA20A76-5224-4436-828A-0E1303ABB1E8}.Debug|ARM.ActiveCfg = Debug|ARM
		{7DA20A76-5224-4436-828A-0E1303ABB1E8}.Debug|ARM.Build.0 = Debug|ARM
		{7DA20A76-5224-4436-828A-0E1303ABB1E8}.Debug|ARM.Deploy.0 = Debug|ARM
		{7DA20A76-5224-4436-828A-0E1303ABB1E8}.Debug|x86.ActiveCfg = Debug|x86
		{7DA20A76-5224-4436-828A-0E1303ABB1E8}.Debug|x86.Build.0 = Debug|x86
		{7DA20A76-5224-4436-828A-0E1303ABB1E8}.Debug|x86.Deploy.0 = Debug|x86
		{7DA20A76-5224-4436-828A-0E1303ABB1E8}.Release|Any CPU.ActiveCfg = Release|x86
		{7DA20A76-5224-4436-828A-0E1303ABB1E8}.Release|ARM.ActiveCfg = Release|ARM
		{7DA20A76-5224-4436-828A-0E1303ABB1E8}.Release|ARM.Build.0 = Release|ARM
		{7DA20A76-5224-4436-828A-0E1303ABB1E8}.Release|ARM.Deploy.0 = Release|ARM
		{7DA20A76-5224-4436-828A-0E1303ABB1E8}.Release|x86.ActiveCfg = Release|x86
		{7DA20A76-5224-4436-828A-0E1303ABB1E8}.Release|x86.Build.0 = Release|x86
		{7DA20A76-5224-4436-828A-0E1303ABB1E8}.Release|x86.Deploy.0 = Release|x86
		{0272C924-AD20-4E63-9B62-C71204B2A66C}.Debug|Any CPU.ActiveCfg = Debug|x86
		{0272C924-AD20-4E63-9B62-C71204B2A66C}.Debug|ARM.ActiveCfg = Debug|ARM
		{0272C924-AD20-4E63-9B62-C71204B2A66C}.Debug|ARM.Build.0 = Debug|ARM
		{0272C924-AD20-4E63-9B62-C71204B2A66C}.Debug|ARM.Deploy.0 = Debug|ARM
		{0272C924-AD20-4E63-9B62-C71204B2A66C}.Debug|x86.ActiveCfg = Debug|x86
		{0272C924-AD20-4E63-9B62-C71204B2A66C}.Debug|x86.Build.0 = Debug|x86
		{0272C924-AD20-4E63-9B62-C71204B2A66C}.Debug|x86.Deploy.0 = Debug|x86
		{0272C924-AD20-4E63-9B62-C71204B2A66C}.Release|Any CPU.ActiveCfg = Release|x86
		{0272C924-AD20-4E63-9B62-C71204B2A66C}.Release|ARM.ActiveCfg = Release|ARM
		{0272C924-AD20-4E63-9B62-C71204B2A66C}.Release|ARM.Build.0 = Release|ARM
		{0272C924-AD20-4E63-9B62-C71204B2A66C}.Release|ARM.Deploy.0 = Release|ARM
		{0272C924-AD20-4E63-9B62-C71204B2A66C}.Release|x86.ActiveCfg = Release|x86
		{0272C924-AD20-4E63-9B62-C71204B2A66C}.Release|x86.Build.0 = Release|x86
		{0272C924-AD20-4E63-9B62-C71204B2A66C}.Release|x86.Deploy.0 = Release|x86
		{BE8B3AA2-7AE1-4DA4-8F33-15F05D582892}.Debug|Any CPU.ActiveCfg = Debug|Any CPU
		{BE8B3AA2-7AE1-4DA4-8F33-15F05D582892}.Debug|Any CPU.Build.0 = Debug|Any CPU
		{BE8B3AA2-7AE1-4DA4-8F33-15F05D582892}.Debug|Any CPU.Deploy.0 = Debug|Any CPU
		{BE8B3AA2-7AE1-4DA4-8F33-15F05D582892}.Debug|ARM.ActiveCfg = Debug|ARM
		{BE8B3AA2-7AE1-4DA4-8F33-15F05D582892}.Debug|ARM.Build.0 = Debug|ARM
		{BE8B3AA2-7AE1-4DA4-8F33-15F05D582892}.Debug|ARM.Deploy.0 = Debug|ARM
		{BE8B3AA2-7AE1-4DA4-8F33-15F05D582892}.Debug|x86.ActiveCfg = Debug|x86
		{BE8B3AA2-7AE1-4DA4-8F33-15F05D582892}.Debug|x86.Build.0 = Debug|x86
		{BE8B3AA2-7AE1-4DA4-8F33-15F05D582892}.Debug|x86.Deploy.0 = Debug|x86
		{BE8B3AA2-7AE1-4DA4-8F33-15F05D582892}.Release|Any CPU.ActiveCfg = Release|Any CPU
		{BE8B3AA2-7AE1-4DA4-8F33-15F05D582892}.Release|Any CPU.Build.0 = Release|Any CPU
		{BE8B3AA2-7AE1-4DA4-8F33-15F05D582892}.Release|Any CPU.Deploy.0 = Release|Any CPU
		{BE8B3AA2-7AE1-4DA4-8F33-15F05D582892}.Release|ARM.ActiveCfg = Release|ARM
		{BE8B3AA2-7AE1-4DA4-8F33-15F05D582892}.Release|ARM.Build.0 = Release|ARM
		{BE8B3AA2-7AE1-4DA4-8F33-15F05D582892}.Release|ARM.Deploy.0 = Release|ARM
		{BE8B3AA2-7AE1-4DA4-8F33-15F05D582892}.Release|x86.ActiveCfg = Release|x86
		{BE8B3AA2-7AE1-4DA4-8F33-15F05D582892}.Release|x86.Build.0 = Release|x86
		{BE8B3AA2-7AE1-4DA4-8F33-15F05D582892}.Release|x86.Deploy.0 = Release|x86
		{6F654E24-81AB-4994-9E66-C7355C5B57BD}.Debug|Any CPU.ActiveCfg = Debug|Any CPU
		{6F654E24-81AB-4994-9E66-C7355C5B57BD}.Debug|Any CPU.Build.0 = Debug|Any CPU
		{6F654E24-81AB-4994-9E66-C7355C5B57BD}.Debug|Any CPU.Deploy.0 = Debug|Any CPU
		{6F654E24-81AB-4994-9E66-C7355C5B57BD}.Debug|ARM.ActiveCfg = Debug|ARM
		{6F654E24-81AB-4994-9E66-C7355C5B57BD}.Debug|ARM.Build.0 = Debug|ARM
		{6F654E24-81AB-4994-9E66-C7355C5B57BD}.Debug|ARM.Deploy.0 = Debug|ARM
		{6F654E24-81AB-4994-9E66-C7355C5B57BD}.Debug|x86.ActiveCfg = Debug|x86
		{6F654E24-81AB-4994-9E66-C7355C5B57BD}.Debug|x86.Build.0 = Debug|x86
		{6F654E24-81AB-4994-9E66-C7355C5B57BD}.Debug|x86.Deploy.0 = Debug|x86
		{6F654E24-81AB-4994-9E66-C7355C5B57BD}.Release|Any CPU.ActiveCfg = Release|Any CPU
		{6F654E24-81AB-4994-9E66-C7355C5B57BD}.Release|Any CPU.Build.0 = Release|Any CPU
		{6F654E24-81AB-4994-9E66-C7355C5B57BD}.Release|Any CPU.Deploy.0 = Release|Any CPU
		{6F654E24-81AB-4994-9E66-C7355C5B57BD}.Release|ARM.ActiveCfg = Release|ARM
		{6F654E24-81AB-4994-9E66-C7355C5B57BD}.Release|ARM.Build.0 = Release|ARM
		{6F654E24-81AB-4994-9E66-C7355C5B57BD}.Release|ARM.Deploy.0 = Release|ARM
		{6F654E24-81AB-4994-9E66-C7355C5B57BD}.Release|x86.ActiveCfg = Release|x86
		{6F654E24-81AB-4994-9E66-C7355C5B57BD}.Release|x86.Build.0 = Release|x86
		{6F654E24-81AB-4994-9E66-C7355C5B57BD}.Release|x86.Deploy.0 = Release|x86
	EndGlobalSection
	GlobalSection(SolutionProperties) = preSolution
		HideSolutionNode = FALSE
	EndGlobalSection
EndGlobal
